// !$*UTF8*$!
{
	archiveVersion = 1;
	classes = {
	};
	objectVersion = 51;
	objects = {

/* Begin PBXBuildFile section */
		C5109A02271EB6E500932ADC /* AppDelegate.swift in Sources */ = {isa = PBXBuildFile; fileRef = C5109A01271EB6E500932ADC /* AppDelegate.swift */; };
		C5109A04271EB6E500932ADC /* SceneDelegate.swift in Sources */ = {isa = PBXBuildFile; fileRef = C5109A03271EB6E500932ADC /* SceneDelegate.swift */; };
		C5109A06271EB6E500932ADC /* ConversationsViewController.swift in Sources */ = {isa = PBXBuildFile; fileRef = C5109A05271EB6E500932ADC /* ConversationsViewController.swift */; };
		C5109A09271EB6E500932ADC /* Main.storyboard in Resources */ = {isa = PBXBuildFile; fileRef = C5109A07271EB6E500932ADC /* Main.storyboard */; };
		C5109A0B271EB6E900932ADC /* Assets.xcassets in Resources */ = {isa = PBXBuildFile; fileRef = C5109A0A271EB6E900932ADC /* Assets.xcassets */; };
		C5109A0E271EB6E900932ADC /* LaunchScreen.storyboard in Resources */ = {isa = PBXBuildFile; fileRef = C5109A0C271EB6E900932ADC /* LaunchScreen.storyboard */; };
		C5109A20271EBC3A00932ADC /* LoginViewController.swift in Sources */ = {isa = PBXBuildFile; fileRef = C5109A1F271EBC3A00932ADC /* LoginViewController.swift */; };
		C5109A23271EBC4B00932ADC /* RegisterViewController.swift in Sources */ = {isa = PBXBuildFile; fileRef = C5109A22271EBC4B00932ADC /* RegisterViewController.swift */; };
		C5109A26271EBC6D00932ADC /* PhotoViewerViewController.swift in Sources */ = {isa = PBXBuildFile; fileRef = C5109A25271EBC6D00932ADC /* PhotoViewerViewController.swift */; };
		C5109A29271EBC7C00932ADC /* VideoPlayerViewController.swift in Sources */ = {isa = PBXBuildFile; fileRef = C5109A28271EBC7C00932ADC /* VideoPlayerViewController.swift */; };
		C5109A2C271EBC9300932ADC /* NewConversationViewController.swift in Sources */ = {isa = PBXBuildFile; fileRef = C5109A2B271EBC9300932ADC /* NewConversationViewController.swift */; };
		C5109A2F271EBCA800932ADC /* ProfileViewController.swift in Sources */ = {isa = PBXBuildFile; fileRef = C5109A2E271EBCA800932ADC /* ProfileViewController.swift */; };
		C5109A34271ED1B900932ADC /* Extensions.swift in Sources */ = {isa = PBXBuildFile; fileRef = C5109A33271ED1B900932ADC /* Extensions.swift */; };
		C5E6DBFB273F6DD70048E54D /* GoogleService-Info.plist in Resources */ = {isa = PBXBuildFile; fileRef = C5E6DBFA273F6DD70048E54D /* GoogleService-Info.plist */; };
		C5E6DC0E273F87B80048E54D /* DatabaseManager.swift in Sources */ = {isa = PBXBuildFile; fileRef = C5E6DC0D273F87B80048E54D /* DatabaseManager.swift */; };
		C5EB9167274205E80080C8C4 /* ChatViewController.swift in Sources */ = {isa = PBXBuildFile; fileRef = C5EB9166274205E80080C8C4 /* ChatViewController.swift */; };
		C5EB918A27421CB90080C8C4 /* StorageManager.swift in Sources */ = {isa = PBXBuildFile; fileRef = C5EB918927421CB90080C8C4 /* StorageManager.swift */; };
		EB153F4C357D7DEA0AF78174 /* Pods_Messenger.framework in Frameworks */ = {isa = PBXBuildFile; fileRef = FA9953B84E64D3A51A08004A /* Pods_Messenger.framework */; };
/* End PBXBuildFile section */

/* Begin PBXFileReference section */
		C51099FE271EB6E500932ADC /* Messenger.app */ = {isa = PBXFileReference; explicitFileType = wrapper.application; includeInIndex = 0; path = Messenger.app; sourceTree = BUILT_PRODUCTS_DIR; };
		C5109A01271EB6E500932ADC /* AppDelegate.swift */ = {isa = PBXFileReference; lastKnownFileType = sourcecode.swift; path = AppDelegate.swift; sourceTree = "<group>"; };
		C5109A03271EB6E500932ADC /* SceneDelegate.swift */ = {isa = PBXFileReference; lastKnownFileType = sourcecode.swift; path = SceneDelegate.swift; sourceTree = "<group>"; };
		C5109A05271EB6E500932ADC /* ConversationsViewController.swift */ = {isa = PBXFileReference; lastKnownFileType = sourcecode.swift; path = ConversationsViewController.swift; sourceTree = "<group>"; };
		C5109A08271EB6E500932ADC /* Base */ = {isa = PBXFileReference; lastKnownFileType = file.storyboard; name = Base; path = Base.lproj/Main.storyboard; sourceTree = "<group>"; };
		C5109A0A271EB6E900932ADC /* Assets.xcassets */ = {isa = PBXFileReference; lastKnownFileType = folder.assetcatalog; path = Assets.xcassets; sourceTree = "<group>"; };
		C5109A0D271EB6E900932ADC /* Base */ = {isa = PBXFileReference; lastKnownFileType = file.storyboard; name = Base; path = Base.lproj/LaunchScreen.storyboard; sourceTree = "<group>"; };
		C5109A0F271EB6E900932ADC /* Info.plist */ = {isa = PBXFileReference; lastKnownFileType = text.plist.xml; path = Info.plist; sourceTree = "<group>"; };
		C5109A1F271EBC3A00932ADC /* LoginViewController.swift */ = {isa = PBXFileReference; lastKnownFileType = sourcecode.swift; path = LoginViewController.swift; sourceTree = "<group>"; };
		C5109A22271EBC4B00932ADC /* RegisterViewController.swift */ = {isa = PBXFileReference; lastKnownFileType = sourcecode.swift; path = RegisterViewController.swift; sourceTree = "<group>"; };
		C5109A25271EBC6D00932ADC /* PhotoViewerViewController.swift */ = {isa = PBXFileReference; lastKnownFileType = sourcecode.swift; path = PhotoViewerViewController.swift; sourceTree = "<group>"; };
		C5109A28271EBC7C00932ADC /* VideoPlayerViewController.swift */ = {isa = PBXFileReference; lastKnownFileType = sourcecode.swift; path = VideoPlayerViewController.swift; sourceTree = "<group>"; };
		C5109A2B271EBC9300932ADC /* NewConversationViewController.swift */ = {isa = PBXFileReference; lastKnownFileType = sourcecode.swift; path = NewConversationViewController.swift; sourceTree = "<group>"; };
		C5109A2E271EBCA800932ADC /* ProfileViewController.swift */ = {isa = PBXFileReference; lastKnownFileType = sourcecode.swift; path = ProfileViewController.swift; sourceTree = "<group>"; };
		C5109A33271ED1B900932ADC /* Extensions.swift */ = {isa = PBXFileReference; lastKnownFileType = sourcecode.swift; path = Extensions.swift; sourceTree = "<group>"; };
		C5E6DBFA273F6DD70048E54D /* GoogleService-Info.plist */ = {isa = PBXFileReference; fileEncoding = 4; lastKnownFileType = text.plist.xml; path = "GoogleService-Info.plist"; sourceTree = "<group>"; };
		C5E6DC0D273F87B80048E54D /* DatabaseManager.swift */ = {isa = PBXFileReference; lastKnownFileType = sourcecode.swift; path = DatabaseManager.swift; sourceTree = "<group>"; };
		C5EB9166274205E80080C8C4 /* ChatViewController.swift */ = {isa = PBXFileReference; lastKnownFileType = sourcecode.swift; path = ChatViewController.swift; sourceTree = "<group>"; };
		C5EB918927421CB90080C8C4 /* StorageManager.swift */ = {isa = PBXFileReference; lastKnownFileType = sourcecode.swift; path = StorageManager.swift; sourceTree = "<group>"; };
		F878701BEDC234396163133B /* Pods-Messenger.release.xcconfig */ = {isa = PBXFileReference; includeInIndex = 1; lastKnownFileType = text.xcconfig; name = "Pods-Messenger.release.xcconfig"; path = "Target Support Files/Pods-Messenger/Pods-Messenger.release.xcconfig"; sourceTree = "<group>"; };
		FA9953B84E64D3A51A08004A /* Pods_Messenger.framework */ = {isa = PBXFileReference; explicitFileType = wrapper.framework; includeInIndex = 0; path = Pods_Messenger.framework; sourceTree = BUILT_PRODUCTS_DIR; };
		FCB5E01AD0CDB857956A51B7 /* Pods-Messenger.debug.xcconfig */ = {isa = PBXFileReference; includeInIndex = 1; lastKnownFileType = text.xcconfig; name = "Pods-Messenger.debug.xcconfig"; path = "Target Support Files/Pods-Messenger/Pods-Messenger.debug.xcconfig"; sourceTree = "<group>"; };
/* End PBXFileReference section */

/* Begin PBXFrameworksBuildPhase section */
		C51099FB271EB6E500932ADC /* Frameworks */ = {
			isa = PBXFrameworksBuildPhase;
			buildActionMask = 2147483647;
			files = (
				EB153F4C357D7DEA0AF78174 /* Pods_Messenger.framework in Frameworks */,
			);
			runOnlyForDeploymentPostprocessing = 0;
		};
/* End PBXFrameworksBuildPhase section */

/* Begin PBXGroup section */
		9FD2CE37844B6427DE1A561F /* Frameworks */ = {
			isa = PBXGroup;
			children = (
				FA9953B84E64D3A51A08004A /* Pods_Messenger.framework */,
			);
			name = Frameworks;
			sourceTree = "<group>";
		};
		C51099F5271EB6E500932ADC = {
			isa = PBXGroup;
			children = (
				C5109A00271EB6E500932ADC /* Messenger */,
				C51099FF271EB6E500932ADC /* Products */,
				FB10DA26381E9C41E03899F2 /* Pods */,
				9FD2CE37844B6427DE1A561F /* Frameworks */,
			);
			sourceTree = "<group>";
		};
		C51099FF271EB6E500932ADC /* Products */ = {
			isa = PBXGroup;
			children = (
				C51099FE271EB6E500932ADC /* Messenger.app */,
			);
			name = Products;
			sourceTree = "<group>";
		};
		C5109A00271EB6E500932ADC /* Messenger */ = {
			isa = PBXGroup;
			children = (
				C5109A1B271EBB1500932ADC /* Views */,
				C5109A1A271EBB0100932ADC /* ViewModels */,
				C5109A19271EBAF800932ADC /* Models */,
				C5109A17271EBADB00932ADC /* Controllers */,
				C5109A16271EBAC400932ADC /* Resources */,
				C5109A0F271EB6E900932ADC /* Info.plist */,
				C5E6DBFA273F6DD70048E54D /* GoogleService-Info.plist */,
			);
			path = Messenger;
			sourceTree = "<group>";
		};
		C5109A16271EBAC400932ADC /* Resources */ = {
			isa = PBXGroup;
			children = (
				C5109A01271EB6E500932ADC /* AppDelegate.swift */,
				C5109A03271EB6E500932ADC /* SceneDelegate.swift */,
				C5109A33271ED1B900932ADC /* Extensions.swift */,
				C5E6DC0D273F87B80048E54D /* DatabaseManager.swift */,
				C5EB918927421CB90080C8C4 /* StorageManager.swift */,
			);
			path = Resources;
			sourceTree = "<group>";
		};
		C5109A17271EBADB00932ADC /* Controllers */ = {
			isa = PBXGroup;
			children = (
				C5109A05271EB6E500932ADC /* ConversationsViewController.swift */,
				C5EB9166274205E80080C8C4 /* ChatViewController.swift */,
				C5109A31271EC63000932ADC /* Login-Register */,
				C5109A25271EBC6D00932ADC /* PhotoViewerViewController.swift */,
				C5109A28271EBC7C00932ADC /* VideoPlayerViewController.swift */,
				C5109A2B271EBC9300932ADC /* NewConversationViewController.swift */,
				C5109A2E271EBCA800932ADC /* ProfileViewController.swift */,
			);
			path = Controllers;
			sourceTree = "<group>";
		};
		C5109A19271EBAF800932ADC /* Models */ = {
			isa = PBXGroup;
			children = (
			);
			path = Models;
			sourceTree = "<group>";
		};
		C5109A1A271EBB0100932ADC /* ViewModels */ = {
			isa = PBXGroup;
			children = (
			);
			path = ViewModels;
			sourceTree = "<group>";
		};
		C5109A1B271EBB1500932ADC /* Views */ = {
			isa = PBXGroup;
			children = (
				C5109A1C271EBB4500932ADC /* Storyboard */,
				C5109A0A271EB6E900932ADC /* Assets.xcassets */,
			);
			path = Views;
			sourceTree = "<group>";
		};
		C5109A1C271EBB4500932ADC /* Storyboard */ = {
			isa = PBXGroup;
			children = (
				C5109A07271EB6E500932ADC /* Main.storyboard */,
				C5109A0C271EB6E900932ADC /* LaunchScreen.storyboard */,
			);
			path = Storyboard;
			sourceTree = "<group>";
		};
		C5109A31271EC63000932ADC /* Login-Register */ = {
			isa = PBXGroup;
			children = (
				C5109A1F271EBC3A00932ADC /* LoginViewController.swift */,
				C5109A22271EBC4B00932ADC /* RegisterViewController.swift */,
			);
			path = "Login-Register";
			sourceTree = "<group>";
		};
		FB10DA26381E9C41E03899F2 /* Pods */ = {
			isa = PBXGroup;
			children = (
				FCB5E01AD0CDB857956A51B7 /* Pods-Messenger.debug.xcconfig */,
				F878701BEDC234396163133B /* Pods-Messenger.release.xcconfig */,
			);
			path = Pods;
			sourceTree = "<group>";
		};
/* End PBXGroup section */

/* Begin PBXNativeTarget section */
		C51099FD271EB6E500932ADC /* Messenger */ = {
			isa = PBXNativeTarget;
			buildConfigurationList = C5109A12271EB6E900932ADC /* Build configuration list for PBXNativeTarget "Messenger" */;
			buildPhases = (
				E77B49C0FA87A8F428B53F06 /* [CP] Check Pods Manifest.lock */,
				C51099FA271EB6E500932ADC /* Sources */,
				C51099FB271EB6E500932ADC /* Frameworks */,
				C51099FC271EB6E500932ADC /* Resources */,
				5EBDBEF03F660056B815ED0B /* [CP] Embed Pods Frameworks */,
			);
			buildRules = (
			);
			dependencies = (
			);
			name = Messenger;
			productName = Messenger;
			productReference = C51099FE271EB6E500932ADC /* Messenger.app */;
			productType = "com.apple.product-type.application";
		};
/* End PBXNativeTarget section */

/* Begin PBXProject section */
		C51099F6271EB6E500932ADC /* Project object */ = {
			isa = PBXProject;
			attributes = {
				LastSwiftUpdateCheck = 1200;
				LastUpgradeCheck = 1200;
				TargetAttributes = {
					C51099FD271EB6E500932ADC = {
						CreatedOnToolsVersion = 12.0.1;
					};
				};
			};
			buildConfigurationList = C51099F9271EB6E500932ADC /* Build configuration list for PBXProject "Messenger" */;
			compatibilityVersion = "Xcode 9.3";
			developmentRegion = en;
			hasScannedForEncodings = 0;
			knownRegions = (
				en,
				Base,
			);
			mainGroup = C51099F5271EB6E500932ADC;
			productRefGroup = C51099FF271EB6E500932ADC /* Products */;
			projectDirPath = "";
			projectRoot = "";
			targets = (
				C51099FD271EB6E500932ADC /* Messenger */,
			);
		};
/* End PBXProject section */

/* Begin PBXResourcesBuildPhase section */
		C51099FC271EB6E500932ADC /* Resources */ = {
			isa = PBXResourcesBuildPhase;
			buildActionMask = 2147483647;
			files = (
				C5109A0E271EB6E900932ADC /* LaunchScreen.storyboard in Resources */,
				C5E6DBFB273F6DD70048E54D /* GoogleService-Info.plist in Resources */,
				C5109A0B271EB6E900932ADC /* Assets.xcassets in Resources */,
				C5109A09271EB6E500932ADC /* Main.storyboard in Resources */,
			);
			runOnlyForDeploymentPostprocessing = 0;
		};
/* End PBXResourcesBuildPhase section */

/* Begin PBXShellScriptBuildPhase section */
		5EBDBEF03F660056B815ED0B /* [CP] Embed Pods Frameworks */ = {
			isa = PBXShellScriptBuildPhase;
			buildActionMask = 2147483647;
			files = (
			);
			inputFileListPaths = (
				"${PODS_ROOT}/Target Support Files/Pods-Messenger/Pods-Messenger-frameworks-${CONFIGURATION}-input-files.xcfilelist",
			);
			name = "[CP] Embed Pods Frameworks";
			outputFileListPaths = (
				"${PODS_ROOT}/Target Support Files/Pods-Messenger/Pods-Messenger-frameworks-${CONFIGURATION}-output-files.xcfilelist",
			);
			runOnlyForDeploymentPostprocessing = 0;
			shellPath = /bin/sh;
			shellScript = "\"${PODS_ROOT}/Target Support Files/Pods-Messenger/Pods-Messenger-frameworks.sh\"\n";
			showEnvVarsInLog = 0;
		};
		E77B49C0FA87A8F428B53F06 /* [CP] Check Pods Manifest.lock */ = {
			isa = PBXShellScriptBuildPhase;
			buildActionMask = 2147483647;
			files = (
			);
			inputFileListPaths = (
			);
			inputPaths = (
				"${PODS_PODFILE_DIR_PATH}/Podfile.lock",
				"${PODS_ROOT}/Manifest.lock",
			);
			name = "[CP] Check Pods Manifest.lock";
			outputFileListPaths = (
			);
			outputPaths = (
				"$(DERIVED_FILE_DIR)/Pods-Messenger-checkManifestLockResult.txt",
			);
			runOnlyForDeploymentPostprocessing = 0;
			shellPath = /bin/sh;
			shellScript = "diff \"${PODS_PODFILE_DIR_PATH}/Podfile.lock\" \"${PODS_ROOT}/Manifest.lock\" > /dev/null\nif [ $? != 0 ] ; then\n    # print error to STDERR\n    echo \"error: The sandbox is not in sync with the Podfile.lock. Run 'pod install' or update your CocoaPods installation.\" >&2\n    exit 1\nfi\n# This output is used by Xcode 'outputs' to avoid re-running this script phase.\necho \"SUCCESS\" > \"${SCRIPT_OUTPUT_FILE_0}\"\n";
			showEnvVarsInLog = 0;
		};
/* End PBXShellScriptBuildPhase section */

/* Begin PBXSourcesBuildPhase section */
		C51099FA271EB6E500932ADC /* Sources */ = {
			isa = PBXSourcesBuildPhase;
			buildActionMask = 2147483647;
			files = (
				C5109A20271EBC3A00932ADC /* LoginViewController.swift in Sources */,
				C5E6DC0E273F87B80048E54D /* DatabaseManager.swift in Sources */,
				C5109A23271EBC4B00932ADC /* RegisterViewController.swift in Sources */,
				C5109A2C271EBC9300932ADC /* NewConversationViewController.swift in Sources */,
				C5109A06271EB6E500932ADC /* ConversationsViewController.swift in Sources */,
				C5109A29271EBC7C00932ADC /* VideoPlayerViewController.swift in Sources */,
				C5109A34271ED1B900932ADC /* Extensions.swift in Sources */,
				C5109A02271EB6E500932ADC /* AppDelegate.swift in Sources */,
				C5109A2F271EBCA800932ADC /* ProfileViewController.swift in Sources */,
				C5109A04271EB6E500932ADC /* SceneDelegate.swift in Sources */,
				C5EB9167274205E80080C8C4 /* ChatViewController.swift in Sources */,
				C5109A26271EBC6D00932ADC /* PhotoViewerViewController.swift in Sources */,
				C5EB918A27421CB90080C8C4 /* StorageManager.swift in Sources */,
			);
			runOnlyForDeploymentPostprocessing = 0;
		};
/* End PBXSourcesBuildPhase section */

/* Begin PBXVariantGroup section */
		C5109A07271EB6E500932ADC /* Main.storyboard */ = {
			isa = PBXVariantGroup;
			children = (
				C5109A08271EB6E500932ADC /* Base */,
			);
			name = Main.storyboard;
			sourceTree = "<group>";
		};
		C5109A0C271EB6E900932ADC /* LaunchScreen.storyboard */ = {
			isa = PBXVariantGroup;
			children = (
				C5109A0D271EB6E900932ADC /* Base */,
			);
			name = LaunchScreen.storyboard;
			sourceTree = "<group>";
		};
/* End PBXVariantGroup section */

/* Begin XCBuildConfiguration section */
		C5109A10271EB6E900932ADC /* Debug */ = {
			isa = XCBuildConfiguration;
			buildSettings = {
				ALWAYS_SEARCH_USER_PATHS = NO;
				CLANG_ANALYZER_NONNULL = YES;
				CLANG_ANALYZER_NUMBER_OBJECT_CONVERSION = YES_AGGRESSIVE;
				CLANG_CXX_LANGUAGE_STANDARD = "gnu++14";
				CLANG_CXX_LIBRARY = "libc++";
				CLANG_ENABLE_MODULES = YES;
				CLANG_ENABLE_OBJC_ARC = YES;
				CLANG_ENABLE_OBJC_WEAK = YES;
				CLANG_WARN_BLOCK_CAPTURE_AUTORELEASING = YES;
				CLANG_WARN_BOOL_CONVERSION = YES;
				CLANG_WARN_COMMA = YES;
				CLANG_WARN_CONSTANT_CONVERSION = YES;
				CLANG_WARN_DEPRECATED_OBJC_IMPLEMENTATIONS = YES;
				CLANG_WARN_DIRECT_OBJC_ISA_USAGE = YES_ERROR;
				CLANG_WARN_DOCUMENTATION_COMMENTS = YES;
				CLANG_WARN_EMPTY_BODY = YES;
				CLANG_WARN_ENUM_CONVERSION = YES;
				CLANG_WARN_INFINITE_RECURSION = YES;
				CLANG_WARN_INT_CONVERSION = YES;
				CLANG_WARN_NON_LITERAL_NULL_CONVERSION = YES;
				CLANG_WARN_OBJC_IMPLICIT_RETAIN_SELF = YES;
				CLANG_WARN_OBJC_LITERAL_CONVERSION = YES;
				CLANG_WARN_OBJC_ROOT_CLASS = YES_ERROR;
				CLANG_WARN_QUOTED_INCLUDE_IN_FRAMEWORK_HEADER = YES;
				CLANG_WARN_RANGE_LOOP_ANALYSIS = YES;
				CLANG_WARN_STRICT_PROTOTYPES = YES;
				CLANG_WARN_SUSPICIOUS_MOVE = YES;
				CLANG_WARN_UNGUARDED_AVAILABILITY = YES_AGGRESSIVE;
				CLANG_WARN_UNREACHABLE_CODE = YES;
				CLANG_WARN__DUPLICATE_METHOD_MATCH = YES;
				COPY_PHASE_STRIP = NO;
				DEBUG_INFORMATION_FORMAT = dwarf;
				ENABLE_STRICT_OBJC_MSGSEND = YES;
				ENABLE_TESTABILITY = YES;
				GCC_C_LANGUAGE_STANDARD = gnu11;
				GCC_DYNAMIC_NO_PIC = NO;
				GCC_NO_COMMON_BLOCKS = YES;
				GCC_OPTIMIZATION_LEVEL = 0;
				GCC_PREPROCESSOR_DEFINITIONS = (
					"DEBUG=1",
					"$(inherited)",
				);
				GCC_WARN_64_TO_32_BIT_CONVERSION = YES;
				GCC_WARN_ABOUT_RETURN_TYPE = YES_ERROR;
				GCC_WARN_UNDECLARED_SELECTOR = YES;
				GCC_WARN_UNINITIALIZED_AUTOS = YES_AGGRESSIVE;
				GCC_WARN_UNUSED_FUNCTION = YES;
				GCC_WARN_UNUSED_VARIABLE = YES;
				IPHONEOS_DEPLOYMENT_TARGET = 14.0;
				MTL_ENABLE_DEBUG_INFO = INCLUDE_SOURCE;
				MTL_FAST_MATH = YES;
				ONLY_ACTIVE_ARCH = YES;
				SDKROOT = iphoneos;
				SWIFT_ACTIVE_COMPILATION_CONDITIONS = DEBUG;
				SWIFT_OPTIMIZATION_LEVEL = "-Onone";
			};
			name = Debug;
		};
		C5109A11271EB6E900932ADC /* Release */ = {
			isa = XCBuildConfiguration;
			buildSettings = {
				ALWAYS_SEARCH_USER_PATHS = NO;
				CLANG_ANALYZER_NONNULL = YES;
				CLANG_ANALYZER_NUMBER_OBJECT_CONVERSION = YES_AGGRESSIVE;
				CLANG_CXX_LANGUAGE_STANDARD = "gnu++14";
				CLANG_CXX_LIBRARY = "libc++";
				CLANG_ENABLE_MODULES = YES;
				CLANG_ENABLE_OBJC_ARC = YES;
				CLANG_ENABLE_OBJC_WEAK = YES;
				CLANG_WARN_BLOCK_CAPTURE_AUTORELEASING = YES;
				CLANG_WARN_BOOL_CONVERSION = YES;
				CLANG_WARN_COMMA = YES;
				CLANG_WARN_CONSTANT_CONVERSION = YES;
				CLANG_WARN_DEPRECATED_OBJC_IMPLEMENTATIONS = YES;
				CLANG_WARN_DIRECT_OBJC_ISA_USAGE = YES_ERROR;
				CLANG_WARN_DOCUMENTATION_COMMENTS = YES;
				CLANG_WARN_EMPTY_BODY = YES;
				CLANG_WARN_ENUM_CONVERSION = YES;
				CLANG_WARN_INFINITE_RECURSION = YES;
				CLANG_WARN_INT_CONVERSION = YES;
				CLANG_WARN_NON_LITERAL_NULL_CONVERSION = YES;
				CLANG_WARN_OBJC_IMPLICIT_RETAIN_SELF = YES;
				CLANG_WARN_OBJC_LITERAL_CONVERSION = YES;
				CLANG_WARN_OBJC_ROOT_CLASS = YES_ERROR;
				CLANG_WARN_QUOTED_INCLUDE_IN_FRAMEWORK_HEADER = YES;
				CLANG_WARN_RANGE_LOOP_ANALYSIS = YES;
				CLANG_WARN_STRICT_PROTOTYPES = YES;
				CLANG_WARN_SUSPICIOUS_MOVE = YES;
				CLANG_WARN_UNGUARDED_AVAILABILITY = YES_AGGRESSIVE;
				CLANG_WARN_UNREACHABLE_CODE = YES;
				CLANG_WARN__DUPLICATE_METHOD_MATCH = YES;
				COPY_PHASE_STRIP = NO;
				DEBUG_INFORMATION_FORMAT = "dwarf-with-dsym";
				ENABLE_NS_ASSERTIONS = NO;
				ENABLE_STRICT_OBJC_MSGSEND = YES;
				GCC_C_LANGUAGE_STANDARD = gnu11;
				GCC_NO_COMMON_BLOCKS = YES;
				GCC_WARN_64_TO_32_BIT_CONVERSION = YES;
				GCC_WARN_ABOUT_RETURN_TYPE = YES_ERROR;
				GCC_WARN_UNDECLARED_SELECTOR = YES;
				GCC_WARN_UNINITIALIZED_AUTOS = YES_AGGRESSIVE;
				GCC_WARN_UNUSED_FUNCTION = YES;
				GCC_WARN_UNUSED_VARIABLE = YES;
				IPHONEOS_DEPLOYMENT_TARGET = 14.0;
				MTL_ENABLE_DEBUG_INFO = NO;
				MTL_FAST_MATH = YES;
				SDKROOT = iphoneos;
				SWIFT_COMPILATION_MODE = wholemodule;
				SWIFT_OPTIMIZATION_LEVEL = "-O";
				VALIDATE_PRODUCT = YES;
			};
			name = Release;
		};
		C5109A13271EB6E900932ADC /* Debug */ = {
			isa = XCBuildConfiguration;
			baseConfigurationReference = FCB5E01AD0CDB857956A51B7 /* Pods-Messenger.debug.xcconfig */;
			buildSettings = {
				ASSETCATALOG_COMPILER_APPICON_NAME = AppIcon;
				ASSETCATALOG_COMPILER_GLOBAL_ACCENT_COLOR_NAME = AccentColor;
				CODE_SIGN_STYLE = Automatic;
				DEVELOPMENT_TEAM = P493X73G7W;
				INFOPLIST_FILE = Messenger/Info.plist;
				IPHONEOS_DEPLOYMENT_TARGET = 13.0;
				LD_RUNPATH_SEARCH_PATHS = (
					"$(inherited)",
					"@executable_path/Frameworks",
				);
				PRODUCT_BUNDLE_IDENTIFIER = HUST.Messenger;
				PRODUCT_NAME = "$(TARGET_NAME)";
				SWIFT_VERSION = 5.0;
				TARGETED_DEVICE_FAMILY = "1,2";
			};
			name = Debug;
		};
		C5109A14271EB6E900932ADC /* Release */ = {
			isa = XCBuildConfiguration;
			baseConfigurationReference = F878701BEDC234396163133B /* Pods-Messenger.release.xcconfig */;
			buildSettings = {
				ASSETCATALOG_COMPILER_APPICON_NAME = AppIcon;
				ASSETCATALOG_COMPILER_GLOBAL_ACCENT_COLOR_NAME = AccentColor;
				CODE_SIGN_STYLE = Automatic;
				DEVELOPMENT_TEAM = P493X73G7W;
				INFOPLIST_FILE = Messenger/Info.plist;
				IPHONEOS_DEPLOYMENT_TARGET = 13.0;
				LD_RUNPATH_SEARCH_PATHS = (
					"$(inherited)",
					"@executable_path/Frameworks",
				);
				PRODUCT_BUNDLE_IDENTIFIER = HUST.Messenger;
				PRODUCT_NAME = "$(TARGET_NAME)";
				SWIFT_VERSION = 5.0;
				TARGETED_DEVICE_FAMILY = "1,2";
			};
			name = Release;
		};
/* End XCBuildConfiguration section */

/* Begin XCConfigurationList section */
		C51099F9271EB6E500932ADC /* Build configuration list for PBXProject "Messenger" */ = {
			isa = XCConfigurationList;
			buildConfigurations = (
				C5109A10271EB6E900932ADC /* Debug */,
				C5109A11271EB6E900932ADC /* Release */,
			);
			defaultConfigurationIsVisible = 0;
			defaultConfigurationName = Release;
		};
		C5109A12271EB6E900932ADC /* Build configuration list for PBXNativeTarget "Messenger" */ = {
			isa = XCConfigurationList;
			buildConfigurations = (
				C5109A13271EB6E900932ADC /* Debug */,
				C5109A14271EB6E900932ADC /* Release */,
			);
			defaultConfigurationIsVisible = 0;
			defaultConfigurationName = Release;
		};
/* End XCConfigurationList section */
	};
	rootObject = C51099F6271EB6E500932ADC /* Project object */;
}
